
Microsoft Visual Studio Solution File, Format Version 12.00
# Visual Studio Version 17
VisualStudioVersion = 17.11.35312.102
MinimumVisualStudioVersion = 10.0.40219.1
Project("{FAE04EC0-301F-11D3-BF4B-00C04F79EFBC}") = "selectionSort", "selectionSort\selectionSort.csproj", "{7E68C59A-143D-4442-B190-497C67E86BFB}"
EndProject
Global
	GlobalSection(SolutionConfigurationPlatforms) = preSolution
		Debug|Any CPU = Debug|Any CPU
		Release|Any CPU = Release|Any CPU
	EndGlobalSection
	GlobalSection(ProjectConfigurationPlatforms) = postSolution
		{7E68C59A-143D-4442-B190-497C67E86BFB}.Debug|Any CPU.ActiveCfg = Debug|Any CPU
		{7E68C59A-143D-4442-B190-497C67E86BFB}.Debug|Any CPU.Build.0 = Debug|Any CPU
		{7E68C59A-143D-4442-B190-497C67E86BFB}.Release|Any CPU.ActiveCfg = Release|Any CPU
		{7E68C59A-143D-4442-B190-497C67E86BFB}.Release|Any CPU.Build.0 = Release|Any CPU
	EndGlobalSection
	GlobalSection(SolutionProperties) = preSolution
		HideSolutionNode = FALSE
	EndGlobalSection
	GlobalSection(ExtensibilityGlobals) = postSolution
		SolutionGuid = {B56661CA-53F8-4539-B0C8-10917C8E3193}
	EndGlobalSection
EndGlobal
